
Microsoft Visual Studio Solution File, Format Version 12.00
# Visual Studio 14
VisualStudioVersion = 14.0.23107.0
MinimumVisualStudioVersion = 10.0.40219.1
Project("{FAE04EC0-301F-11D3-BF4B-00C04F79EFBC}") = "Assignment4", "Assignment4\Assignment4.csproj", "{4FA98496-6905-44AA-AC1C-92762047DEFA}"
EndProject
Project("{FAE04EC0-301F-11D3-BF4B-00C04F79EFBC}") = "Assignment4.Repository", "Assignment4.Repository\Assignment4.Repository.csproj", "{4834E7A4-F4A3-4E22-BD67-51A6145A672E}"
EndProject
Project("{FAE04EC0-301F-11D3-BF4B-00C04F79EFBC}") = "Assignment4.Service", "Assignment4.Service\Assignment4.Service.csproj", "{E6DC64A4-B94E-4F5E-98C0-CB7EE3215B68}"
EndProject
Global
	GlobalSection(SolutionConfigurationPlatforms) = preSolution
		Debug|Any CPU = Debug|Any CPU
		Release|Any CPU = Release|Any CPU
	EndGlobalSection
	GlobalSection(ProjectConfigurationPlatforms) = postSolution
		{4FA98496-6905-44AA-AC1C-92762047DEFA}.Debug|Any CPU.ActiveCfg = Debug|Any CPU
		{4FA98496-6905-44AA-AC1C-92762047DEFA}.Debug|Any CPU.Build.0 = Debug|Any CPU
		{4FA98496-6905-44AA-AC1C-92762047DEFA}.Release|Any CPU.ActiveCfg = Release|Any CPU
		{4FA98496-6905-44AA-AC1C-92762047DEFA}.Release|Any CPU.Build.0 = Release|Any CPU
		{4834E7A4-F4A3-4E22-BD67-51A6145A672E}.Debug|Any CPU.ActiveCfg = Debug|Any CPU
		{4834E7A4-F4A3-4E22-BD67-51A6145A672E}.Debug|Any CPU.Build.0 = Debug|Any CPU
		{4834E7A4-F4A3-4E22-BD67-51A6145A672E}.Release|Any CPU.ActiveCfg = Release|Any CPU
		{4834E7A4-F4A3-4E22-BD67-51A6145A672E}.Release|Any CPU.Build.0 = Release|Any CPU
		{E6DC64A4-B94E-4F5E-98C0-CB7EE3215B68}.Debug|Any CPU.ActiveCfg = Debug|Any CPU
		{E6DC64A4-B94E-4F5E-98C0-CB7EE3215B68}.Debug|Any CPU.Build.0 = Debug|Any CPU
		{E6DC64A4-B94E-4F5E-98C0-CB7EE3215B68}.Release|Any CPU.ActiveCfg = Release|Any CPU
		{E6DC64A4-B94E-4F5E-98C0-CB7EE3215B68}.Release|Any CPU.Build.0 = Release|Any CPU
	EndGlobalSection
	GlobalSection(SolutionProperties) = preSolution
		HideSolutionNode = FALSE
	EndGlobalSection
EndGlobal
